
Microsoft Visual Studio Solution File, Format Version 12.00
# Visual Studio Version 16
VisualStudioVersion = 16.0.29209.62
MinimumVisualStudioVersion = 10.0.40219.1
Project("{FAE04EC0-301F-11D3-BF4B-00C04F79EFBC}") = "BarChart", "BarChart\BarChart.csproj", "{A7CDA39F-7BA4-4350-A6EB-0CCC334C7425}"
EndProject
Global
	GlobalSection(SolutionConfigurationPlatforms) = preSolution
		Debug|Any CPU = Debug|Any CPU
		Release|Any CPU = Release|Any CPU
	EndGlobalSection
	GlobalSection(ProjectConfigurationPlatforms) = postSolution
		{A7CDA39F-7BA4-4350-A6EB-0CCC334C7425}.Debug|Any CPU.ActiveCfg = Debug|Any CPU
		{A7CDA39F-7BA4-4350-A6EB-0CCC334C7425}.Debug|Any CPU.Build.0 = Debug|Any CPU
		{A7CDA39F-7BA4-4350-A6EB-0CCC334C7425}.Release|Any CPU.ActiveCfg = Release|Any CPU
		{A7CDA39F-7BA4-4350-A6EB-0CCC334C7425}.Release|Any CPU.Build.0 = Release|Any CPU
	EndGlobalSection
	GlobalSection(SolutionProperties) = preSolution
		HideSolutionNode = FALSE
	EndGlobalSection
	GlobalSection(ExtensibilityGlobals) = postSolution
		SolutionGuid = {09324AC4-33CB-4EB9-B7F3-4ABB8A8D4D6A}
	EndGlobalSection
EndGlobal
